{
    "csa/guzzle-bundle": {
        "version": "3.0",
        "recipe": {
            "repo": "github.com/symfony/recipes-contrib",
            "branch": "master",
            "version": "3.0",
            "ref": "36a5a2e81228674d88ebc1d9774445210a0d0d06"
        }
    },
    "csa/guzzle-cache-middleware": {
        "version": "v1.0.0"
    },
    "csa/guzzle-history-middleware": {
        "version": "v1.0.0"
    },
    "csa/guzzle-stopwatch-middleware": {
        "version": "v1.0.0"
    },
    "doctrine/inflector": {
        "version": "v1.3.0"
    },
    "guzzlehttp/guzzle": {
        "version": "6.3.3"
    },
    "guzzlehttp/promises": {
        "version": "v1.3.1"
    },
    "guzzlehttp/psr7": {
        "version": "1.4.2"
    },
    "nikic/php-parser": {
        "version": "v4.0.1"
    },
    "predis/predis": {
        "version": "v1.1.1"
    },
    "psr/cache": {
        "version": "1.0.1"
    },
    "psr/container": {
        "version": "1.0.0"
    },
    "psr/http-message": {
        "version": "1.0.1"
    },
    "psr/log": {
        "version": "1.0.2"
    },
    "psr/simple-cache": {
        "version": "1.0.1"
    },
    "rtheunissen/guzzle-rate-limiter": {
        "version": "v1.0.1"
    },
    "snc/redis-bundle": {
        "version": "2.0",
        "recipe": {
            "repo": "github.com/symfony/recipes-contrib",
            "branch": "master",
            "version": "2.0",
            "ref": "e9c58bfc414cfb7f06e8e5ae9f589868498f5d6a"
        }
    },
    "symfony/cache": {
        "version": "v4.1.0"
    },
    "symfony/config": {
        "version": "v4.1.0"
    },
    "symfony/console": {
        "version": "3.3",
        "recipe": {
            "repo": "github.com/symfony/recipes",
            "branch": "master",
            "version": "3.3",
            "ref": "e3868d2f4a5104f19f844fe551099a00c6562527"
        }
    },
    "symfony/debug": {
        "version": "v4.1.0"
    },
    "symfony/dependency-injection": {
        "version": "v4.1.0"
    },
    "symfony/dotenv": {
        "version": "v4.1.0"
    },
    "symfony/event-dispatcher": {
        "version": "v4.1.0"
    },
    "symfony/filesystem": {
        "version": "v4.1.0"
    },
    "symfony/finder": {
        "version": "v4.1.0"
    },
    "symfony/flex": {
        "version": "1.0",
        "recipe": {
            "repo": "github.com/symfony/recipes",
            "branch": "master",
            "version": "1.0",
            "ref": "cc1afd81841db36fbef982fe56b48ade6716fac4"
        }
    },
    "symfony/framework-bundle": {
        "version": "3.3",
        "recipe": {
            "repo": "github.com/symfony/recipes",
            "branch": "master",
            "version": "3.3",
            "ref": "8a2f7fa50a528f0aad1d7a87ae3730c981b367ce"
        }
    },
    "symfony/http-foundation": {
        "version": "v4.1.0"
    },
    "symfony/http-kernel": {
        "version": "v4.1.0"
    },
    "symfony/inflector": {
        "version": "v4.1.0"
    },
    "symfony/lts": {
        "version": "4-dev"
    },
    "symfony/maker-bundle": {
        "version": "1.0",
        "recipe": {
            "repo": "github.com/symfony/recipes",
            "branch": "master",
            "version": "1.0",
            "ref": "fadbfe33303a76e25cb63401050439aa9b1a9c7f"
        }
    },
    "symfony/polyfill-mbstring": {
        "version": "v1.8.0"
    },
    "symfony/property-access": {
        "version": "v4.1.0"
    },
    "symfony/routing": {
        "version": "4.0",
        "recipe": {
            "repo": "github.com/symfony/recipes",
            "branch": "master",
            "version": "4.0",
            "ref": "cda8b550123383d25827705d05a42acf6819fe4e"
        }
    },
    "symfony/serializer": {
        "version": "v4.1.0"
    },
    "symfony/stopwatch": {
        "version": "v4.1.0"
    },
    "symfony/translation": {
        "version": "3.3",
        "recipe": {
            "repo": "github.com/symfony/recipes",
            "branch": "master",
            "version": "3.3",
            "ref": "6bcd6c570c017ea6ae5a7a6a027c929fd3542cd8"
        }
    },
    "symfony/yaml": {
        "version": "v4.1.0"
    },
    "twig/twig": {
        "version": "v2.4.8"
    },
    "wrep/daemonizable-command": {
        "version": "2.1.0"
    }
}
